
Microsoft Visual Studio Solution File, Format Version 12.00
# Visual Studio Version 17
VisualStudioVersion = 17.3.32804.467
MinimumVisualStudioVersion = 10.0.40219.1
Project("{9A19103F-16F7-4668-BE54-9A1E7A4F7556}") = "ThreeplyWebApi", "ThreeplyWebApi\ThreeplyWebApi.csproj", "{3AA07D8C-343B-4D9E-B259-030F31AD9814}"
EndProject
Project("{E53339B2-1760-4266-BCC7-CA923CBCF16C}") = "docker-compose", "docker-compose.dcproj", "{1D0E63B1-2B22-41F7-A308-BD62C7953B3A}"
EndProject
Global
	GlobalSection(SolutionConfigurationPlatforms) = preSolution
		Debug|Any CPU = Debug|Any CPU
		Release|Any CPU = Release|Any CPU
	EndGlobalSection
	GlobalSection(ProjectConfigurationPlatforms) = postSolution
		{3AA07D8C-343B-4D9E-B259-030F31AD9814}.Debug|Any CPU.ActiveCfg = Debug|Any CPU
		{3AA07D8C-343B-4D9E-B259-030F31AD9814}.Debug|Any CPU.Build.0 = Debug|Any CPU
		{3AA07D8C-343B-4D9E-B259-030F31AD9814}.Release|Any CPU.ActiveCfg = Release|Any CPU
		{3AA07D8C-343B-4D9E-B259-030F31AD9814}.Release|Any CPU.Build.0 = Release|Any CPU
		{1D0E63B1-2B22-41F7-A308-BD62C7953B3A}.Debug|Any CPU.ActiveCfg = Debug|Any CPU
		{1D0E63B1-2B22-41F7-A308-BD62C7953B3A}.Debug|Any CPU.Build.0 = Debug|Any CPU
		{1D0E63B1-2B22-41F7-A308-BD62C7953B3A}.Release|Any CPU.ActiveCfg = Release|Any CPU
		{1D0E63B1-2B22-41F7-A308-BD62C7953B3A}.Release|Any CPU.Build.0 = Release|Any CPU
	EndGlobalSection
	GlobalSection(SolutionProperties) = preSolution
		HideSolutionNode = FALSE
	EndGlobalSection
	GlobalSection(ExtensibilityGlobals) = postSolution
		SolutionGuid = {AD6C125C-836B-4AAB-A5F7-E336F2649559}
	EndGlobalSection
EndGlobal
